
Microsoft Visual Studio Solution File, Format Version 12.00
# Visual Studio Version 16
VisualStudioVersion = 16.0.31112.23
MinimumVisualStudioVersion = 10.0.40219.1
Project("{FAE04EC0-301F-11D3-BF4B-00C04F79EFBC}") = "FizzBuzzApplication", "FizzBuzzApplication\FizzBuzzApplication.csproj", "{78ADACD3-2661-45E3-B7AB-5BA78615C122}"
EndProject
Project("{FAE04EC0-301F-11D3-BF4B-00C04F79EFBC}") = "FizzBuzzUnitTestProject", "FizzBuzzUnitTestProject\FizzBuzzUnitTestProject.csproj", "{3819CE82-1A27-4458-A98F-556583F71D61}"
EndProject
Global
	GlobalSection(SolutionConfigurationPlatforms) = preSolution
		Debug|Any CPU = Debug|Any CPU
		Release|Any CPU = Release|Any CPU
	EndGlobalSection
	GlobalSection(ProjectConfigurationPlatforms) = postSolution
		{78ADACD3-2661-45E3-B7AB-5BA78615C122}.Debug|Any CPU.ActiveCfg = Debug|Any CPU
		{78ADACD3-2661-45E3-B7AB-5BA78615C122}.Debug|Any CPU.Build.0 = Debug|Any CPU
		{78ADACD3-2661-45E3-B7AB-5BA78615C122}.Release|Any CPU.ActiveCfg = Release|Any CPU
		{78ADACD3-2661-45E3-B7AB-5BA78615C122}.Release|Any CPU.Build.0 = Release|Any CPU
		{3819CE82-1A27-4458-A98F-556583F71D61}.Debug|Any CPU.ActiveCfg = Debug|Any CPU
		{3819CE82-1A27-4458-A98F-556583F71D61}.Debug|Any CPU.Build.0 = Debug|Any CPU
		{3819CE82-1A27-4458-A98F-556583F71D61}.Release|Any CPU.ActiveCfg = Release|Any CPU
		{3819CE82-1A27-4458-A98F-556583F71D61}.Release|Any CPU.Build.0 = Release|Any CPU
	EndGlobalSection
	GlobalSection(SolutionProperties) = preSolution
		HideSolutionNode = FALSE
	EndGlobalSection
	GlobalSection(ExtensibilityGlobals) = postSolution
		SolutionGuid = {AB3E2769-86C9-466D-8F8B-5671545EACF0}
	EndGlobalSection
EndGlobal
